{
  "name": "vue-shop",
  "version": "0.1.0",
  "lockfileVersion": 1,
  "requires": true,
  "dependencies": {
    "vue-demo": {
      "version": "file:tabs.tgz",
      "integrity": "sha512-z2G+zpfinyB6AtqvTlKqVhxy3YeJyQ+a3pGPgsgRw/9AKfZSeLgvaJeCt+tDrX6ReWKnsHf0t3kzWysOTBcoUQ==",
      "requires": {
        "core-js": "^3.6.5",
        "vue": "^2.6.11",
        "vuex": "^3.5.1"
      },
      "dependencies": {
        "core-js": {
          "version": "3.16.1",
          "resolved": "https://registry.npmjs.org/core-js/-/core-js-3.16.1.tgz",
          "integrity": "sha512-AAkP8i35EbefU+JddyWi12AWE9f2N/qr/pwnDtWz4nyUIBGMJPX99ANFFRSw6FefM374lDujdtLDyhN2A/btHw=="
        },
        "vue": {
          "version": "2.6.14",
          "resolved": "https://registry.npmjs.org/vue/-/vue-2.6.14.tgz",
          "integrity": "sha512-x2284lgYvjOMj3Za7kqzRcUSxBboHqtgRE2zlos1qWaOye5yUmHn42LB1250NJBLRwEcdrB0JRwyPTEPhfQjiQ=="
        }
      }
    },
    "vuex": {
      "version": "3.6.2",
      "resolved": "https://registry.npmjs.org/vuex/-/vuex-3.6.2.tgz",
      "integrity": "sha512-ETW44IqCgBpVomy520DT5jf8n0zoCac+sxWnn+hMe/CzaSejb/eVw2YToiXYX+Ex/AuHHia28vWTq4goAexFbw=="
    }
  }
}
