{
  "name": "text",
  "version": "0.1.0",
  "lockfileVersion": 1,
  "requires": true,
  "dependencies": {
    "pixinlei-tabs": {
      "version": "1.0.3",
      "resolved": "https://registry.npmjs.org/pixinlei-tabs/-/pixinlei-tabs-1.0.3.tgz",
      "integrity": "sha512-B20Ln2/V64FlL9CGS0EZikDCqmsgz3FPClm6+M+id50W2IVDHo0w7t3lfIDVQdYA1vwfuzCcnkI8KZh+mkJciA==",
      "requires": {
        "vue": "^2.5.11"
      },
      "dependencies": {
        "vue": {
          "version": "2.6.14",
          "resolved": "https://registry.npmjs.org/vue/-/vue-2.6.14.tgz",
          "integrity": "sha512-x2284lgYvjOMj3Za7kqzRcUSxBboHqtgRE2zlos1qWaOye5yUmHn42LB1250NJBLRwEcdrB0JRwyPTEPhfQjiQ=="
        }
      }
    }
  }
}
